// !$*UTF8*$!
{
	archiveVersion = 1;
	classes = {
	};
	objectVersion = 46;
	objects = {

/* Begin PBXBuildFile section */
		9520659413FA968000149A0D /* SenTestingKit.framework in Frameworks */ = {isa = PBXBuildFile; fileRef = 9520659313FA968000149A0D /* SenTestingKit.framework */; };
		9520659513FA968000149A0D /* Cocoa.framework in Frameworks */ = {isa = PBXBuildFile; fileRef = 9520657513FA968000149A0D /* Cocoa.framework */; };
		9520659D13FA968000149A0D /* InfoPlist.strings in Resources */ = {isa = PBXBuildFile; fileRef = 9520659B13FA968000149A0D /* InfoPlist.strings */; };
		9520659F13FA968000149A0D /* _DepictTests.h in Resources */ = {isa = PBXBuildFile; fileRef = 9520659E13FA968000149A0D /* _DepictTests.h */; };
		952065A113FA968000149A0D /* _DepictTests.m in Sources */ = {isa = PBXBuildFile; fileRef = 952065A013FA968000149A0D /* _DepictTests.m */; };
/* End PBXBuildFile section */

/* Begin PBXContainerItemProxy section */
		9520659613FA968000149A0D /* PBXContainerItemProxy */ = {
			isa = PBXContainerItemProxy;
			containerPortal = 9520656813FA968000149A0D /* Project object */;
			proxyType = 1;
			remoteGlobalIDString = 9520657013FA968000149A0D;
			remoteInfo = 3Depict;
		};
/* End PBXContainerItemProxy section */

/* Begin PBXFileReference section */
		9520657113FA968000149A0D /* 3Depict.app */ = {isa = PBXFileReference; explicitFileType = wrapper.application; includeInIndex = 0; path = 3Depict.app; sourceTree = BUILT_PRODUCTS_DIR; };
		9520657513FA968000149A0D /* Cocoa.framework */ = {isa = PBXFileReference; lastKnownFileType = wrapper.framework; name = Cocoa.framework; path = System/Library/Frameworks/Cocoa.framework; sourceTree = SDKROOT; };
		9520657813FA968000149A0D /* AppKit.framework */ = {isa = PBXFileReference; lastKnownFileType = wrapper.framework; name = AppKit.framework; path = System/Library/Frameworks/AppKit.framework; sourceTree = SDKROOT; };
		9520657913FA968000149A0D /* CoreData.framework */ = {isa = PBXFileReference; lastKnownFileType = wrapper.framework; name = CoreData.framework; path = System/Library/Frameworks/CoreData.framework; sourceTree = SDKROOT; };
		9520657A13FA968000149A0D /* Foundation.framework */ = {isa = PBXFileReference; lastKnownFileType = wrapper.framework; name = Foundation.framework; path = System/Library/Frameworks/Foundation.framework; sourceTree = SDKROOT; };
		9520657D13FA968000149A0D /* 3Depict-Info.plist */ = {isa = PBXFileReference; lastKnownFileType = text.plist.xml; path = "3Depict-Info.plist"; sourceTree = "<group>"; };
		9520657F13FA968000149A0D /* en */ = {isa = PBXFileReference; lastKnownFileType = text.plist.strings; name = en; path = en.lproj/InfoPlist.strings; sourceTree = "<group>"; };
		9520658113FA968000149A0D /* main.m */ = {isa = PBXFileReference; lastKnownFileType = sourcecode.c.objc; path = main.m; sourceTree = "<group>"; };
		9520658313FA968000149A0D /* 3Depict-Prefix.pch */ = {isa = PBXFileReference; lastKnownFileType = sourcecode.c.h; path = "3Depict-Prefix.pch"; sourceTree = "<group>"; };
		9520658513FA968000149A0D /* en */ = {isa = PBXFileReference; lastKnownFileType = text.rtf; name = en; path = en.lproj/Credits.rtf; sourceTree = "<group>"; };
		9520658B13FA968000149A0D /* en */ = {isa = PBXFileReference; lastKnownFileType = file.xib; name = en; path = en.lproj/MainMenu.xib; sourceTree = "<group>"; };
		9520659213FA968000149A0D /* 3DepictTests.octest */ = {isa = PBXFileReference; explicitFileType = wrapper.cfbundle; includeInIndex = 0; path = 3DepictTests.octest; sourceTree = BUILT_PRODUCTS_DIR; };
		9520659313FA968000149A0D /* SenTestingKit.framework */ = {isa = PBXFileReference; lastKnownFileType = wrapper.framework; name = SenTestingKit.framework; path = Library/Frameworks/SenTestingKit.framework; sourceTree = DEVELOPER_DIR; };
		9520659A13FA968000149A0D /* 3DepictTests-Info.plist */ = {isa = PBXFileReference; lastKnownFileType = text.plist.xml; path = "3DepictTests-Info.plist"; sourceTree = "<group>"; };
		9520659C13FA968000149A0D /* en */ = {isa = PBXFileReference; lastKnownFileType = text.plist.strings; name = en; path = en.lproj/InfoPlist.strings; sourceTree = "<group>"; };
		9520659E13FA968000149A0D /* _DepictTests.h */ = {isa = PBXFileReference; lastKnownFileType = sourcecode.c.h; path = _DepictTests.h; sourceTree = "<group>"; };
		952065A013FA968000149A0D /* _DepictTests.m */ = {isa = PBXFileReference; lastKnownFileType = sourcecode.c.objc; path = _DepictTests.m; sourceTree = "<group>"; };
		952065AA13FA978100149A0D /* 3Depict.cpp */ = {isa = PBXFileReference; fileEncoding = 4; lastKnownFileType = sourcecode.cpp.cpp; name = 3Depict.cpp; path = ../../src/3Depict.cpp; sourceTree = "<group>"; };
		952065AC13FA978100149A0D /* 3Depict.h */ = {isa = PBXFileReference; fileEncoding = 4; lastKnownFileType = sourcecode.c.h; name = 3Depict.h; path = ../../src/3Depict.h; sourceTree = "<group>"; };
		952065AD13FA978100149A0D /* 3Depict.rc */ = {isa = PBXFileReference; fileEncoding = 4; lastKnownFileType = text; name = 3Depict.rc; path = ../../src/3Depict.rc; sourceTree = "<group>"; };
		952065AE13FA978100149A0D /* 3Depict.xpm */ = {isa = PBXFileReference; fileEncoding = 4; lastKnownFileType = text; name = 3Depict.xpm; path = ../../src/3Depict.xpm; sourceTree = "<group>"; };
		952065AF13FA978100149A0D /* APTClasses.cpp */ = {isa = PBXFileReference; fileEncoding = 4; lastKnownFileType = sourcecode.cpp.cpp; name = APTClasses.cpp; path = ../../src/APTClasses.cpp; sourceTree = "<group>"; };
		952065B013FA978100149A0D /* APTClasses.h */ = {isa = PBXFileReference; fileEncoding = 4; lastKnownFileType = sourcecode.c.h; name = APTClasses.h; path = ../../src/APTClasses.h; sourceTree = "<group>"; };
		952065B113FA978100149A0D /* art.h */ = {isa = PBXFileReference; fileEncoding = 4; lastKnownFileType = sourcecode.c.h; name = art.h; path = ../../src/art.h; sourceTree = "<group>"; };
		952065B213FA978100149A0D /* assertion.h */ = {isa = PBXFileReference; fileEncoding = 4; lastKnownFileType = sourcecode.c.h; name = assertion.h; path = ../../src/assertion.h; sourceTree = "<group>"; };
		952065B313FA978100149A0D /* basics.cpp */ = {isa = PBXFileReference; fileEncoding = 4; lastKnownFileType = sourcecode.cpp.cpp; name = basics.cpp; path = ../../src/basics.cpp; sourceTree = "<group>"; };
		952065B413FA978100149A0D /* basics.h */ = {isa = PBXFileReference; fileEncoding = 4; lastKnownFileType = sourcecode.c.h; name = basics.h; path = ../../src/basics.h; sourceTree = "<group>"; };
		952065B513FA978100149A0D /* cameras.cpp */ = {isa = PBXFileReference; fileEncoding = 4; lastKnownFileType = sourcecode.cpp.cpp; name = cameras.cpp; path = ../../src/cameras.cpp; sourceTree = "<group>"; };
		952065B613FA978100149A0D /* cameras.h */ = {isa = PBXFileReference; fileEncoding = 4; lastKnownFileType = sourcecode.c.h; name = cameras.h; path = ../../src/cameras.h; sourceTree = "<group>"; };
		952065B713FA978100149A0D /* colourmap.cpp */ = {isa = PBXFileReference; fileEncoding = 4; lastKnownFileType = sourcecode.cpp.cpp; name = colourmap.cpp; path = ../../src/colourmap.cpp; sourceTree = "<group>"; };
		952065B813FA978100149A0D /* colourmap.h */ = {isa = PBXFileReference; fileEncoding = 4; lastKnownFileType = sourcecode.c.h; name = colourmap.h; path = ../../src/colourmap.h; sourceTree = "<group>"; };
		952065B913FA978100149A0D /* commonConstants.h */ = {isa = PBXFileReference; fileEncoding = 4; lastKnownFileType = sourcecode.c.h; name = commonConstants.h; path = ../../src/commonConstants.h; sourceTree = "<group>"; };
		952065BA13FA978100149A0D /* configFile.cpp */ = {isa = PBXFileReference; fileEncoding = 4; lastKnownFileType = sourcecode.cpp.cpp; name = configFile.cpp; path = ../../src/configFile.cpp; sourceTree = "<group>"; };
		952065BB13FA978100149A0D /* configFile.h */ = {isa = PBXFileReference; fileEncoding = 4; lastKnownFileType = sourcecode.c.h; name = configFile.h; path = ../../src/configFile.h; sourceTree = "<group>"; };
		952065BC13FA978100149A0D /* cropPanel.cpp */ = {isa = PBXFileReference; fileEncoding = 4; lastKnownFileType = sourcecode.cpp.cpp; name = cropPanel.cpp; path = ../../src/cropPanel.cpp; sourceTree = "<group>"; };
		952065BD13FA978100149A0D /* cropPanel.h */ = {isa = PBXFileReference; fileEncoding = 4; lastKnownFileType = sourcecode.c.h; name = cropPanel.h; path = ../../src/cropPanel.h; sourceTree = "<group>"; };
		952065BE13FA978100149A0D /* drawables.cpp */ = {isa = PBXFileReference; fileEncoding = 4; lastKnownFileType = sourcecode.cpp.cpp; name = drawables.cpp; path = ../../src/drawables.cpp; sourceTree = "<group>"; };
		952065BF13FA978100149A0D /* drawables.h */ = {isa = PBXFileReference; fileEncoding = 4; lastKnownFileType = sourcecode.c.h; name = drawables.h; path = ../../src/drawables.h; sourceTree = "<group>"; };
		952065C013FA978100149A0D /* effect.cpp */ = {isa = PBXFileReference; fileEncoding = 4; lastKnownFileType = sourcecode.cpp.cpp; name = effect.cpp; path = ../../src/effect.cpp; sourceTree = "<group>"; };
		952065C113FA978100149A0D /* effect.h */ = {isa = PBXFileReference; fileEncoding = 4; lastKnownFileType = sourcecode.c.h; name = effect.h; path = ../../src/effect.h; sourceTree = "<group>"; };
		952065C213FA978100149A0D /* endianTest.h */ = {isa = PBXFileReference; fileEncoding = 4; lastKnownFileType = sourcecode.c.h; name = endianTest.h; path = ../../src/endianTest.h; sourceTree = "<group>"; };
		952065C313FA978100149A0D /* ExportPos.cpp */ = {isa = PBXFileReference; fileEncoding = 4; lastKnownFileType = sourcecode.cpp.cpp; name = ExportPos.cpp; path = ../../src/ExportPos.cpp; sourceTree = "<group>"; };
		952065C413FA978100149A0D /* ExportPos.h */ = {isa = PBXFileReference; fileEncoding = 4; lastKnownFileType = sourcecode.c.h; name = ExportPos.h; path = ../../src/ExportPos.h; sourceTree = "<group>"; };
		952065C513FA978100149A0D /* ExportRngDialog.cpp */ = {isa = PBXFileReference; fileEncoding = 4; lastKnownFileType = sourcecode.cpp.cpp; name = ExportRngDialog.cpp; path = ../../src/ExportRngDialog.cpp; sourceTree = "<group>"; };
		952065C613FA978100149A0D /* ExportRngDialog.h */ = {isa = PBXFileReference; fileEncoding = 4; lastKnownFileType = sourcecode.c.h; name = ExportRngDialog.h; path = ../../src/ExportRngDialog.h; sourceTree = "<group>"; };
		952065C713FA978100149A0D /* filter.cpp */ = {isa = PBXFileReference; fileEncoding = 4; lastKnownFileType = sourcecode.cpp.cpp; name = filter.cpp; path = ../../src/filter.cpp; sourceTree = "<group>"; };
		952065C813FA978100149A0D /* filter.h */ = {isa = PBXFileReference; fileEncoding = 4; lastKnownFileType = sourcecode.c.h; name = filter.h; path = ../../src/filter.h; sourceTree = "<group>"; };
		952065CA13FA978100149A0D /* allFilter.cpp */ = {isa = PBXFileReference; fileEncoding = 4; lastKnownFileType = sourcecode.cpp.cpp; path = allFilter.cpp; sourceTree = "<group>"; };
		952065CB13FA978100149A0D /* allFilter.h */ = {isa = PBXFileReference; fileEncoding = 4; lastKnownFileType = sourcecode.c.h; path = allFilter.h; sourceTree = "<group>"; };
		952065CD13FA978100149A0D /* annotation.h */ = {isa = PBXFileReference; fileEncoding = 4; lastKnownFileType = sourcecode.c.h; path = annotation.h; sourceTree = "<group>"; };
		952065CE13FA978100149A0D /* boundingBox.cpp */ = {isa = PBXFileReference; fileEncoding = 4; lastKnownFileType = sourcecode.cpp.cpp; path = boundingBox.cpp; sourceTree = "<group>"; };
		952065CF13FA978100149A0D /* boundingBox.h */ = {isa = PBXFileReference; fileEncoding = 4; lastKnownFileType = sourcecode.c.h; path = boundingBox.h; sourceTree = "<group>"; };
		952065D013FA978100149A0D /* clusterAnalysis.cpp */ = {isa = PBXFileReference; fileEncoding = 4; lastKnownFileType = sourcecode.cpp.cpp; path = clusterAnalysis.cpp; sourceTree = "<group>"; };
		952065D113FA978100149A0D /* clusterAnalysis.h */ = {isa = PBXFileReference; fileEncoding = 4; lastKnownFileType = sourcecode.c.h; path = clusterAnalysis.h; sourceTree = "<group>"; };
		952065D213FA978100149A0D /* compositionProfile.cpp */ = {isa = PBXFileReference; fileEncoding = 4; lastKnownFileType = sourcecode.cpp.cpp; path = compositionProfile.cpp; sourceTree = "<group>"; };
		952065D313FA978100149A0D /* compositionProfile.h */ = {isa = PBXFileReference; fileEncoding = 4; lastKnownFileType = sourcecode.c.h; path = compositionProfile.h; sourceTree = "<group>"; };
		952065D413FA978100149A0D /* externalProgram.cpp */ = {isa = PBXFileReference; fileEncoding = 4; lastKnownFileType = sourcecode.cpp.cpp; path = externalProgram.cpp; sourceTree = "<group>"; };
		952065D513FA978100149A0D /* externalProgram.h */ = {isa = PBXFileReference; fileEncoding = 4; lastKnownFileType = sourcecode.c.h; path = externalProgram.h; sourceTree = "<group>"; };
		952065D613FA978100149A0D /* ionClip.cpp */ = {isa = PBXFileReference; fileEncoding = 4; lastKnownFileType = sourcecode.cpp.cpp; path = ionClip.cpp; sourceTree = "<group>"; };
		952065D713FA978100149A0D /* ionClip.h */ = {isa = PBXFileReference; fileEncoding = 4; lastKnownFileType = sourcecode.c.h; path = ionClip.h; sourceTree = "<group>"; };
		952065D813FA978100149A0D /* ionColour.cpp */ = {isa = PBXFileReference; fileEncoding = 4; lastKnownFileType = sourcecode.cpp.cpp; path = ionColour.cpp; sourceTree = "<group>"; };
		952065D913FA978100149A0D /* ionColour.h */ = {isa = PBXFileReference; fileEncoding = 4; lastKnownFileType = sourcecode.c.h; path = ionColour.h; sourceTree = "<group>"; };
		952065DA13FA978100149A0D /* ionDownsample.cpp */ = {isa = PBXFileReference; fileEncoding = 4; lastKnownFileType = sourcecode.cpp.cpp; path = ionDownsample.cpp; sourceTree = "<group>"; };
		952065DB13FA978100149A0D /* ionDownsample.h */ = {isa = PBXFileReference; fileEncoding = 4; lastKnownFileType = sourcecode.c.h; path = ionDownsample.h; sourceTree = "<group>"; };
		952065DC13FA978100149A0D /* ionInfo.cpp */ = {isa = PBXFileReference; fileEncoding = 4; lastKnownFileType = sourcecode.cpp.cpp; path = ionInfo.cpp; sourceTree = "<group>"; };
		952065DD13FA978100149A0D /* ionInfo.h */ = {isa = PBXFileReference; fileEncoding = 4; lastKnownFileType = sourcecode.c.h; path = ionInfo.h; sourceTree = "<group>"; };
		952065DE13FA978100149A0D /* posLoad.cpp */ = {isa = PBXFileReference; fileEncoding = 4; lastKnownFileType = sourcecode.cpp.cpp; path = posLoad.cpp; sourceTree = "<group>"; };
		952065DF13FA978100149A0D /* posLoad.h */ = {isa = PBXFileReference; fileEncoding = 4; lastKnownFileType = sourcecode.c.h; path = posLoad.h; sourceTree = "<group>"; };
		952065E013FA978100149A0D /* rangeFile.cpp */ = {isa = PBXFileReference; fileEncoding = 4; lastKnownFileType = sourcecode.cpp.cpp; path = rangeFile.cpp; sourceTree = "<group>"; };
		952065E113FA978100149A0D /* rangeFile.h */ = {isa = PBXFileReference; fileEncoding = 4; lastKnownFileType = sourcecode.c.h; path = rangeFile.h; sourceTree = "<group>"; };
		952065E213FA978100149A0D /* spatialAnalysis.cpp */ = {isa = PBXFileReference; fileEncoding = 4; lastKnownFileType = sourcecode.cpp.cpp; path = spatialAnalysis.cpp; sourceTree = "<group>"; };
		952065E313FA978100149A0D /* spatialAnalysis.h */ = {isa = PBXFileReference; fileEncoding = 4; lastKnownFileType = sourcecode.c.h; path = spatialAnalysis.h; sourceTree = "<group>"; };
		952065E413FA978100149A0D /* spectrumPlot.cpp */ = {isa = PBXFileReference; fileEncoding = 4; lastKnownFileType = sourcecode.cpp.cpp; path = spectrumPlot.cpp; sourceTree = "<group>"; };
		952065E513FA978100149A0D /* spectrumPlot.h */ = {isa = PBXFileReference; fileEncoding = 4; lastKnownFileType = sourcecode.c.h; path = spectrumPlot.h; sourceTree = "<group>"; };
		952065E613FA978100149A0D /* transform.cpp */ = {isa = PBXFileReference; fileEncoding = 4; lastKnownFileType = sourcecode.cpp.cpp; path = transform.cpp; sourceTree = "<group>"; };
		952065E713FA978100149A0D /* transform.h */ = {isa = PBXFileReference; fileEncoding = 4; lastKnownFileType = sourcecode.c.h; path = transform.h; sourceTree = "<group>"; };
		952065E813FA978100149A0D /* voxelise.cpp */ = {isa = PBXFileReference; fileEncoding = 4; lastKnownFileType = sourcecode.cpp.cpp; path = voxelise.cpp; sourceTree = "<group>"; };
		952065E913FA978100149A0D /* voxelise.h */ = {isa = PBXFileReference; fileEncoding = 4; lastKnownFileType = sourcecode.c.h; path = voxelise.h; sourceTree = "<group>"; };
		952065EB13FA978100149A0D /* preferencesDialog.wxg */ = {isa = PBXFileReference; fileEncoding = 4; lastKnownFileType = text.xml; path = preferencesDialog.wxg; sourceTree = "<group>"; };
		952065EC13FA978100149A0D /* skeleton-part2.wxg */ = {isa = PBXFileReference; fileEncoding = 4; lastKnownFileType = text.xml; path = "skeleton-part2.wxg"; sourceTree = "<group>"; };
		952065ED13FA978100149A0D /* skeleton.wxg */ = {isa = PBXFileReference; fileEncoding = 4; lastKnownFileType = text.xml; path = skeleton.wxg; sourceTree = "<group>"; };
		952065EE13FA978100149A0D /* glPane.cpp */ = {isa = PBXFileReference; fileEncoding = 4; lastKnownFileType = sourcecode.cpp.cpp; name = glPane.cpp; path = ../../src/glPane.cpp; sourceTree = "<group>"; };
		952065EF13FA978100149A0D /* glPane.h */ = {isa = PBXFileReference; fileEncoding = 4; lastKnownFileType = sourcecode.c.h; name = glPane.h; path = ../../src/glPane.h; sourceTree = "<group>"; };
		952065F013FA978100149A0D /* isoSurface.cpp */ = {isa = PBXFileReference; fileEncoding = 4; lastKnownFileType = sourcecode.cpp.cpp; name = isoSurface.cpp; path = ../../src/isoSurface.cpp; sourceTree = "<group>"; };
		952065F113FA978100149A0D /* isoSurface.h */ = {isa = PBXFileReference; fileEncoding = 4; lastKnownFileType = sourcecode.c.h; name = isoSurface.h; path = ../../src/isoSurface.h; sourceTree = "<group>"; };
		952065F213FA978100149A0D /* K3DTree-mk2.cpp */ = {isa = PBXFileReference; fileEncoding = 4; lastKnownFileType = sourcecode.cpp.cpp; name = "K3DTree-mk2.cpp"; path = "../../src/K3DTree-mk2.cpp"; sourceTree = "<group>"; };
		952065F313FA978100149A0D /* K3DTree-mk2.h */ = {isa = PBXFileReference; fileEncoding = 4; lastKnownFileType = sourcecode.c.h; name = "K3DTree-mk2.h"; path = "../../src/K3DTree-mk2.h"; sourceTree = "<group>"; };
		952065F413FA978100149A0D /* K3DTree.cpp */ = {isa = PBXFileReference; fileEncoding = 4; lastKnownFileType = sourcecode.cpp.cpp; name = K3DTree.cpp; path = ../../src/K3DTree.cpp; sourceTree = "<group>"; };
		952065F513FA978100149A0D /* K3DTree.h */ = {isa = PBXFileReference; fileEncoding = 4; lastKnownFileType = sourcecode.c.h; name = K3DTree.h; path = ../../src/K3DTree.h; sourceTree = "<group>"; };
		952065F613FA978100149A0D /* Makefile */ = {isa = PBXFileReference; fileEncoding = 4; lastKnownFileType = sourcecode.make; name = Makefile; path = ../../src/Makefile; sourceTree = "<group>"; };
		952065F713FA978100149A0D /* Makefile.am */ = {isa = PBXFileReference; fileEncoding = 4; lastKnownFileType = text; name = Makefile.am; path = ../../src/Makefile.am; sourceTree = "<group>"; };
		952065F813FA978100149A0D /* Makefile.in */ = {isa = PBXFileReference; fileEncoding = 4; lastKnownFileType = text; name = Makefile.in; path = ../../src/Makefile.in; sourceTree = "<group>"; };
		952065F913FA978100149A0D /* mathfuncs.cpp */ = {isa = PBXFileReference; fileEncoding = 4; lastKnownFileType = sourcecode.cpp.cpp; name = mathfuncs.cpp; path = ../../src/mathfuncs.cpp; sourceTree = "<group>"; };
		952065FA13FA978100149A0D /* mathfuncs.h */ = {isa = PBXFileReference; fileEncoding = 4; lastKnownFileType = sourcecode.c.h; name = mathfuncs.h; path = ../../src/mathfuncs.h; sourceTree = "<group>"; };
		952065FB13FA978100149A0D /* mathglPane.cpp */ = {isa = PBXFileReference; fileEncoding = 4; lastKnownFileType = sourcecode.cpp.cpp; name = mathglPane.cpp; path = ../../src/mathglPane.cpp; sourceTree = "<group>"; };
		952065FC13FA978100149A0D /* mathglPane.h */ = {isa = PBXFileReference; fileEncoding = 4; lastKnownFileType = sourcecode.c.h; name = mathglPane.h; path = ../../src/mathglPane.h; sourceTree = "<group>"; };
		952065FD13FA978100149A0D /* myAppIcon.ico */ = {isa = PBXFileReference; lastKnownFileType = image.ico; name = myAppIcon.ico; path = ../../src/myAppIcon.ico; sourceTree = "<group>"; };
		952065FE13FA978100149A0D /* plot.cpp */ = {isa = PBXFileReference; fileEncoding = 4; lastKnownFileType = sourcecode.cpp.cpp; name = plot.cpp; path = ../../src/plot.cpp; sourceTree = "<group>"; };
		952065FF13FA978100149A0D /* plot.h */ = {isa = PBXFileReference; fileEncoding = 4; lastKnownFileType = sourcecode.c.h; name = plot.h; path = ../../src/plot.h; sourceTree = "<group>"; };
		9520660013FA978100149A0D /* pngread.c */ = {isa = PBXFileReference; fileEncoding = 4; lastKnownFileType = sourcecode.c.c; name = pngread.c; path = ../../src/pngread.c; sourceTree = "<group>"; };
		9520660113FA978100149A0D /* pngread.h */ = {isa = PBXFileReference; fileEncoding = 4; lastKnownFileType = sourcecode.c.h; name = pngread.h; path = ../../src/pngread.h; sourceTree = "<group>"; };
		9520660213FA978100149A0D /* prefDialog.cpp */ = {isa = PBXFileReference; fileEncoding = 4; lastKnownFileType = sourcecode.cpp.cpp; name = prefDialog.cpp; path = ../../src/prefDialog.cpp; sourceTree = "<group>"; };
		9520660313FA978100149A0D /* prefDialog.h */ = {isa = PBXFileReference; fileEncoding = 4; lastKnownFileType = sourcecode.c.h; name = prefDialog.h; path = ../../src/prefDialog.h; sourceTree = "<group>"; };
		9520660413FA978100149A0D /* rdf.cpp */ = {isa = PBXFileReference; fileEncoding = 4; lastKnownFileType = sourcecode.cpp.cpp; name = rdf.cpp; path = ../../src/rdf.cpp; sourceTree = "<group>"; };
		9520660513FA978100149A0D /* rdf.h */ = {isa = PBXFileReference; fileEncoding = 4; lastKnownFileType = sourcecode.c.h; name = rdf.h; path = ../../src/rdf.h; sourceTree = "<group>"; };
		9520660613FA978100149A0D /* resDialog.cpp */ = {isa = PBXFileReference; fileEncoding = 4; lastKnownFileType = sourcecode.cpp.cpp; name = resDialog.cpp; path = ../../src/resDialog.cpp; sourceTree = "<group>"; };
		9520660713FA978100149A0D /* resDialog.h */ = {isa = PBXFileReference; fileEncoding = 4; lastKnownFileType = sourcecode.c.h; name = resDialog.h; path = ../../src/resDialog.h; sourceTree = "<group>"; };
		9520660813FA978100149A0D /* scene.cpp */ = {isa = PBXFileReference; fileEncoding = 4; lastKnownFileType = sourcecode.cpp.cpp; name = scene.cpp; path = ../../src/scene.cpp; sourceTree = "<group>"; };
		9520660913FA978100149A0D /* scene.h */ = {isa = PBXFileReference; fileEncoding = 4; lastKnownFileType = sourcecode.c.h; name = scene.h; path = ../../src/scene.h; sourceTree = "<group>"; };
		9520660A13FA978100149A0D /* select.cpp */ = {isa = PBXFileReference; fileEncoding = 4; lastKnownFileType = sourcecode.cpp.cpp; name = select.cpp; path = ../../src/select.cpp; sourceTree = "<group>"; };
		9520660B13FA978100149A0D /* select.h */ = {isa = PBXFileReference; fileEncoding = 4; lastKnownFileType = sourcecode.c.h; name = select.h; path = ../../src/select.h; sourceTree = "<group>"; };
		9520660C13FA978100149A0D /* StashDialog.cpp */ = {isa = PBXFileReference; fileEncoding = 4; lastKnownFileType = sourcecode.cpp.cpp; name = StashDialog.cpp; path = ../../src/StashDialog.cpp; sourceTree = "<group>"; };
		9520660D13FA978100149A0D /* StashDialog.h */ = {isa = PBXFileReference; fileEncoding = 4; lastKnownFileType = sourcecode.c.h; name = StashDialog.h; path = ../../src/StashDialog.h; sourceTree = "<group>"; };
		9520660F13FA978100149A0D /* 3Depict-icon.icns */ = {isa = PBXFileReference; lastKnownFileType = image.icns; path = "3Depict-icon.icns"; sourceTree = "<group>"; };
		9520661013FA978100149A0D /* 3Depict-icon.svg */ = {isa = PBXFileReference; fileEncoding = 4; lastKnownFileType = text.xml; path = "3Depict-icon.svg"; sourceTree = "<group>"; };
		9520661113FA978100149A0D /* enlarge.svg */ = {isa = PBXFileReference; fileEncoding = 4; lastKnownFileType = text.xml; path = enlarge.svg; sourceTree = "<group>"; };
		9520661213FA978100149A0D /* Icons-licence.txt */ = {isa = PBXFileReference; fileEncoding = 4; lastKnownFileType = text; path = "Icons-licence.txt"; sourceTree = "<group>"; };
		9520661313FA978100149A0D /* keyboard-alt.svg */ = {isa = PBXFileReference; fileEncoding = 4; lastKnownFileType = text.xml; path = "keyboard-alt.svg"; sourceTree = "<group>"; };
		9520661413FA978100149A0D /* keyboard-command.svg */ = {isa = PBXFileReference; fileEncoding = 4; lastKnownFileType = text.xml; path = "keyboard-command.svg"; sourceTree = "<group>"; };
		9520661513FA978100149A0D /* keyboard-ctrl.svg */ = {isa = PBXFileReference; fileEncoding = 4; lastKnownFileType = text.xml; path = "keyboard-ctrl.svg"; sourceTree = "<group>"; };
		9520661613FA978100149A0D /* keyboard-shift.svg */ = {isa = PBXFileReference; fileEncoding = 4; lastKnownFileType = text.xml; path = "keyboard-shift.svg"; sourceTree = "<group>"; };
		9520661713FA978100149A0D /* keyboard-tab.svg */ = {isa = PBXFileReference; fileEncoding = 4; lastKnownFileType = text.xml; path = "keyboard-tab.svg"; sourceTree = "<group>"; };
		9520661813FA978100149A0D /* Left-Right-arrow.svg */ = {isa = PBXFileReference; fileEncoding = 4; lastKnownFileType = text.xml; path = "Left-Right-arrow.svg"; sourceTree = "<group>"; };
		9520661913FA978100149A0D /* Left_clicked_mouse.svg */ = {isa = PBXFileReference; fileEncoding = 4; lastKnownFileType = text.xml; path = Left_clicked_mouse.svg; sourceTree = "<group>"; };
		9520661A13FA978100149A0D /* middle_clicked_mouse.svg */ = {isa = PBXFileReference; fileEncoding = 4; lastKnownFileType = text.xml; path = middle_clicked_mouse.svg; sourceTree = "<group>"; };
		9520661B13FA978100149A0D /* Right-arrow.svg */ = {isa = PBXFileReference; fileEncoding = 4; lastKnownFileType = text.xml; path = "Right-arrow.svg"; sourceTree = "<group>"; };
		9520661C13FA978100149A0D /* Right_clicked_mouse.svg */ = {isa = PBXFileReference; fileEncoding = 4; lastKnownFileType = text.xml; path = Right_clicked_mouse.svg; sourceTree = "<group>"; };
		9520661D13FA978100149A0D /* rotateArrow.svg */ = {isa = PBXFileReference; fileEncoding = 4; lastKnownFileType = text.xml; path = rotateArrow.svg; sourceTree = "<group>"; };
		9520661E13FA978100149A0D /* scroll_wheel_mouse.svg */ = {isa = PBXFileReference; fileEncoding = 4; lastKnownFileType = text.xml; path = scroll_wheel_mouse.svg; sourceTree = "<group>"; };
		9520662013FA978100149A0D /* enlarge.png */ = {isa = PBXFileReference; lastKnownFileType = image.png; path = enlarge.png; sourceTree = "<group>"; };
		9520662113FA978100149A0D /* keyboard-alt.png */ = {isa = PBXFileReference; lastKnownFileType = image.png; path = "keyboard-alt.png"; sourceTree = "<group>"; };
		9520662213FA978100149A0D /* keyboard-command.png */ = {isa = PBXFileReference; lastKnownFileType = image.png; path = "keyboard-command.png"; sourceTree = "<group>"; };
		9520662313FA978100149A0D /* keyboard-ctrl.png */ = {isa = PBXFileReference; lastKnownFileType = image.png; path = "keyboard-ctrl.png"; sourceTree = "<group>"; };
		9520662413FA978100149A0D /* keyboard-shift.png */ = {isa = PBXFileReference; lastKnownFileType = image.png; path = "keyboard-shift.png"; sourceTree = "<group>"; };
		9520662513FA978100149A0D /* keyboard-tab.png */ = {isa = PBXFileReference; lastKnownFileType = image.png; path = "keyboard-tab.png"; sourceTree = "<group>"; };
		9520662613FA978100149A0D /* Left-Right-arrow.png */ = {isa = PBXFileReference; lastKnownFileType = image.png; path = "Left-Right-arrow.png"; sourceTree = "<group>"; };
		9520662713FA978100149A0D /* Left_clicked_mouse.png */ = {isa = PBXFileReference; lastKnownFileType = image.png; path = Left_clicked_mouse.png; sourceTree = "<group>"; };
		9520662813FA978100149A0D /* middle_clicked_mouse.png */ = {isa = PBXFileReference; lastKnownFileType = image.png; path = middle_clicked_mouse.png; sourceTree = "<group>"; };
		9520662913FA978100149A0D /* Right-arrow.png */ = {isa = PBXFileReference; lastKnownFileType = image.png; path = "Right-arrow.png"; sourceTree = "<group>"; };
		9520662A13FA978100149A0D /* Right_clicked_mouse.png */ = {isa = PBXFileReference; lastKnownFileType = image.png; path = Right_clicked_mouse.png; sourceTree = "<group>"; };
		9520662B13FA978100149A0D /* rotateArrow.png */ = {isa = PBXFileReference; lastKnownFileType = image.png; path = rotateArrow.png; sourceTree = "<group>"; };
		9520662C13FA978100149A0D /* scroll_wheel_mouse.png */ = {isa = PBXFileReference; lastKnownFileType = image.png; path = scroll_wheel_mouse.png; sourceTree = "<group>"; };
		9520662D13FA978100149A0D /* textures.cpp */ = {isa = PBXFileReference; fileEncoding = 4; lastKnownFileType = sourcecode.cpp.cpp; name = textures.cpp; path = ../../src/textures.cpp; sourceTree = "<group>"; };
		9520662E13FA978100149A0D /* textures.h */ = {isa = PBXFileReference; fileEncoding = 4; lastKnownFileType = sourcecode.c.h; name = textures.h; path = ../../src/textures.h; sourceTree = "<group>"; };
		9520662F13FA978100149A0D /* translation.h */ = {isa = PBXFileReference; fileEncoding = 4; lastKnownFileType = sourcecode.c.h; name = translation.h; path = ../../src/translation.h; sourceTree = "<group>"; };
		9520663013FA978100149A0D /* tree.hh */ = {isa = PBXFileReference; fileEncoding = 4; lastKnownFileType = sourcecode.cpp.h; name = tree.hh; path = ../../src/tree.hh; sourceTree = "<group>"; };
		9520663113FA978100149A0D /* viscontrol.cpp */ = {isa = PBXFileReference; fileEncoding = 4; lastKnownFileType = sourcecode.cpp.cpp; name = viscontrol.cpp; path = ../../src/viscontrol.cpp; sourceTree = "<group>"; };
		9520663213FA978100149A0D /* viscontrol.h */ = {isa = PBXFileReference; fileEncoding = 4; lastKnownFileType = sourcecode.c.h; name = viscontrol.h; path = ../../src/viscontrol.h; sourceTree = "<group>"; };
		9520663313FA978100149A0D /* voxels.h */ = {isa = PBXFileReference; fileEncoding = 4; lastKnownFileType = sourcecode.c.h; name = voxels.h; path = ../../src/voxels.h; sourceTree = "<group>"; };
		9520663513FA978100149A0D /* winconsole.h */ = {isa = PBXFileReference; fileEncoding = 4; lastKnownFileType = sourcecode.c.h; name = winconsole.h; path = ../../src/winconsole.h; sourceTree = "<group>"; };
		9520663613FA978100149A0D /* wxcommon.cpp */ = {isa = PBXFileReference; fileEncoding = 4; lastKnownFileType = sourcecode.cpp.cpp; name = wxcommon.cpp; path = ../../src/wxcommon.cpp; sourceTree = "<group>"; };
		9520663713FA978100149A0D /* wxcommon.h */ = {isa = PBXFileReference; fileEncoding = 4; lastKnownFileType = sourcecode.c.h; name = wxcommon.h; path = ../../src/wxcommon.h; sourceTree = "<group>"; };
		9520663813FA978100149A0D /* wxcomponents.cpp */ = {isa = PBXFileReference; fileEncoding = 4; lastKnownFileType = sourcecode.cpp.cpp; name = wxcomponents.cpp; path = ../../src/wxcomponents.cpp; sourceTree = "<group>"; };
		9520663913FA978100149A0D /* wxcomponents.h */ = {isa = PBXFileReference; fileEncoding = 4; lastKnownFileType = sourcecode.c.h; name = wxcomponents.h; path = ../../src/wxcomponents.h; sourceTree = "<group>"; };
		9520663A13FA978100149A0D /* xmlHelper.cpp */ = {isa = PBXFileReference; fileEncoding = 4; lastKnownFileType = sourcecode.cpp.cpp; name = xmlHelper.cpp; path = ../../src/xmlHelper.cpp; sourceTree = "<group>"; };
		9520663B13FA978100149A0D /* xmlHelper.h */ = {isa = PBXFileReference; fileEncoding = 4; lastKnownFileType = sourcecode.c.h; name = xmlHelper.h; path = ../../src/xmlHelper.h; sourceTree = "<group>"; };
		954343C31400816E00606832 /* annotation.cpp */ = {isa = PBXFileReference; fileEncoding = 4; lastKnownFileType = sourcecode.cpp.cpp; name = annotation.cpp; path = ../../src/filters/annotation.cpp; sourceTree = "<group>"; };
		95FB7B4613FB6592007CD6A0 /* textures */ = {isa = PBXFileReference; lastKnownFileType = folder; name = textures; path = ../src/textures; sourceTree = "<group>"; };
		95FB7B4813FB65B7007CD6A0 /* libftgl.dylib */ = {isa = PBXFileReference; lastKnownFileType = "compiled.mach-o.dylib"; name = libftgl.dylib; path = usr/local/lib/libftgl.dylib; sourceTree = SDKROOT; };
		95FB7B4A13FB65E2007CD6A0 /* libintl.dylib */ = {isa = PBXFileReference; lastKnownFileType = "compiled.mach-o.dylib"; name = libintl.dylib; path = usr/local/lib/libintl.dylib; sourceTree = SDKROOT; };
		95FB7B4C13FB6D1E007CD6A0 /* IOKit.framework */ = {isa = PBXFileReference; lastKnownFileType = wrapper.framework; name = IOKit.framework; path = System/Library/Frameworks/IOKit.framework; sourceTree = SDKROOT; };
		95FB7B4E13FB6D2B007CD6A0 /* Carbon.framework */ = {isa = PBXFileReference; lastKnownFileType = wrapper.framework; name = Carbon.framework; path = System/Library/Frameworks/Carbon.framework; sourceTree = SDKROOT; };
		95FB7B5013FB6D3C007CD6A0 /* Cocoa.framework */ = {isa = PBXFileReference; lastKnownFileType = wrapper.framework; name = Cocoa.framework; path = System/Library/Frameworks/Cocoa.framework; sourceTree = SDKROOT; };
		95FB7B5213FB6D4F007CD6A0 /* AudioToolbox.framework */ = {isa = PBXFileReference; lastKnownFileType = wrapper.framework; name = AudioToolbox.framework; path = System/Library/Frameworks/AudioToolbox.framework; sourceTree = SDKROOT; };
		95FB7B5413FB6D80007CD6A0 /* libSystem.dylib */ = {isa = PBXFileReference; lastKnownFileType = "compiled.mach-o.dylib"; name = libSystem.dylib; path = usr/lib/libSystem.dylib; sourceTree = SDKROOT; };
		95FB7B5613FB6D8B007CD6A0 /* OpenGL.framework */ = {isa = PBXFileReference; lastKnownFileType = wrapper.framework; name = OpenGL.framework; path = System/Library/Frameworks/OpenGL.framework; sourceTree = SDKROOT; };
		95FB7B5813FB6D98007CD6A0 /* QuickTime.framework */ = {isa = PBXFileReference; lastKnownFileType = wrapper.framework; name = QuickTime.framework; path = System/Library/Frameworks/QuickTime.framework; sourceTree = SDKROOT; };
		95FB7B5A13FB6E00007CD6A0 /* libmgl.dylib */ = {isa = PBXFileReference; lastKnownFileType = "compiled.mach-o.dylib"; name = libmgl.dylib; path = usr/local/lib/libmgl.dylib; sourceTree = SDKROOT; };
		95FB7B5C13FB6E1B007CD6A0 /* libfreetype.dylib */ = {isa = PBXFileReference; lastKnownFileType = "compiled.mach-o.dylib"; name = libfreetype.dylib; path = usr/local/lib/libfreetype.dylib; sourceTree = SDKROOT; };
		95FB7B5E13FB6E2E007CD6A0 /* libz.dylib */ = {isa = PBXFileReference; lastKnownFileType = "compiled.mach-o.dylib"; name = libz.dylib; path = usr/lib/libz.dylib; sourceTree = SDKROOT; };
		95FB7B6013FB6E3D007CD6A0 /* libbz2.dylib */ = {isa = PBXFileReference; lastKnownFileType = "compiled.mach-o.dylib"; name = libbz2.dylib; path = usr/lib/libbz2.dylib; sourceTree = SDKROOT; };
		95FB7B6213FB6E59007CD6A0 /* libxml2.dylib */ = {isa = PBXFileReference; lastKnownFileType = "compiled.mach-o.dylib"; name = libxml2.dylib; path = usr/lib/libxml2.dylib; sourceTree = SDKROOT; };
		95FB7B6413FB6E67007CD6A0 /* libpthread.dylib */ = {isa = PBXFileReference; lastKnownFileType = "compiled.mach-o.dylib"; name = libpthread.dylib; path = usr/lib/libpthread.dylib; sourceTree = SDKROOT; };
		95FB7B6613FB6E71007CD6A0 /* libiconv.dylib */ = {isa = PBXFileReference; lastKnownFileType = "compiled.mach-o.dylib"; name = libiconv.dylib; path = usr/lib/libiconv.dylib; sourceTree = SDKROOT; };
		95FB7B6813FB6E85007CD6A0 /* libm.dylib */ = {isa = PBXFileReference; lastKnownFileType = "compiled.mach-o.dylib"; name = libm.dylib; path = usr/lib/libm.dylib; sourceTree = SDKROOT; };
		95FB7B6A13FB6E8D007CD6A0 /* libgsl.dylib */ = {isa = PBXFileReference; lastKnownFileType = "compiled.mach-o.dylib"; name = libgsl.dylib; path = usr/local/lib/libgsl.dylib; sourceTree = SDKROOT; };
		95FB7B6C13FB6E99007CD6A0 /* libqhull.dylib */ = {isa = PBXFileReference; lastKnownFileType = "compiled.mach-o.dylib"; name = libqhull.dylib; path = usr/local/lib/libqhull.dylib; sourceTree = SDKROOT; };
		95FB7B6E13FB6EA5007CD6A0 /* libpng.dylib */ = {isa = PBXFileReference; lastKnownFileType = "compiled.mach-o.dylib"; name = libpng.dylib; path = usr/local/lib/libpng.dylib; sourceTree = SDKROOT; };
/* End PBXFileReference section */

/* Begin PBXFrameworksBuildPhase section */
		9520658E13FA968000149A0D /* Frameworks */ = {
			isa = PBXFrameworksBuildPhase;
			buildActionMask = 2147483647;
			files = (
				9520659413FA968000149A0D /* SenTestingKit.framework in Frameworks */,
				9520659513FA968000149A0D /* Cocoa.framework in Frameworks */,
			);
			runOnlyForDeploymentPostprocessing = 0;
		};
/* End PBXFrameworksBuildPhase section */

/* Begin PBXGroup section */
		9520656613FA968000149A0D = {
			isa = PBXGroup;
			children = (
				95FB7B7013FB7272007CD6A0 /* libs */,
				95FB7B4613FB6592007CD6A0 /* textures */,
				9520657B13FA968000149A0D /* 3Depict */,
				9520659813FA968000149A0D /* 3DepictTests */,
				9520657413FA968000149A0D /* Frameworks */,
				9520657213FA968000149A0D /* Products */,
			);
			sourceTree = "<group>";
		};
		9520657213FA968000149A0D /* Products */ = {
			isa = PBXGroup;
			children = (
				9520657113FA968000149A0D /* 3Depict.app */,
				9520659213FA968000149A0D /* 3DepictTests.octest */,
			);
			name = Products;
			sourceTree = "<group>";
		};
		9520657413FA968000149A0D /* Frameworks */ = {
			isa = PBXGroup;
			children = (
				9520657513FA968000149A0D /* Cocoa.framework */,
				9520659313FA968000149A0D /* SenTestingKit.framework */,
				9520657713FA968000149A0D /* Other Frameworks */,
			);
			name = Frameworks;
			sourceTree = "<group>";
		};
		9520657713FA968000149A0D /* Other Frameworks */ = {
			isa = PBXGroup;
			children = (
				9520657813FA968000149A0D /* AppKit.framework */,
				9520657913FA968000149A0D /* CoreData.framework */,
				9520657A13FA968000149A0D /* Foundation.framework */,
			);
			name = "Other Frameworks";
			sourceTree = "<group>";
		};
		9520657B13FA968000149A0D /* 3Depict */ = {
			isa = PBXGroup;
			children = (
				954343C31400816E00606832 /* annotation.cpp */,
				952065AA13FA978100149A0D /* 3Depict.cpp */,
				952065AC13FA978100149A0D /* 3Depict.h */,
				952065AD13FA978100149A0D /* 3Depict.rc */,
				952065AE13FA978100149A0D /* 3Depict.xpm */,
				952065AF13FA978100149A0D /* APTClasses.cpp */,
				952065B013FA978100149A0D /* APTClasses.h */,
				952065B113FA978100149A0D /* art.h */,
				952065B213FA978100149A0D /* assertion.h */,
				952065B313FA978100149A0D /* basics.cpp */,
				952065B413FA978100149A0D /* basics.h */,
				952065B513FA978100149A0D /* cameras.cpp */,
				952065B613FA978100149A0D /* cameras.h */,
				952065B713FA978100149A0D /* colourmap.cpp */,
				952065B813FA978100149A0D /* colourmap.h */,
				952065B913FA978100149A0D /* commonConstants.h */,
				952065BA13FA978100149A0D /* configFile.cpp */,
				952065BB13FA978100149A0D /* configFile.h */,
				952065BC13FA978100149A0D /* cropPanel.cpp */,
				952065BD13FA978100149A0D /* cropPanel.h */,
				952065BE13FA978100149A0D /* drawables.cpp */,
				952065BF13FA978100149A0D /* drawables.h */,
				952065C013FA978100149A0D /* effect.cpp */,
				952065C113FA978100149A0D /* effect.h */,
				952065C213FA978100149A0D /* endianTest.h */,
				952065C313FA978100149A0D /* ExportPos.cpp */,
				952065C413FA978100149A0D /* ExportPos.h */,
				952065C513FA978100149A0D /* ExportRngDialog.cpp */,
				952065C613FA978100149A0D /* ExportRngDialog.h */,
				952065C713FA978100149A0D /* filter.cpp */,
				952065C813FA978100149A0D /* filter.h */,
				952065C913FA978100149A0D /* filters */,
				952065EA13FA978100149A0D /* glade-skeleton */,
				952065EE13FA978100149A0D /* glPane.cpp */,
				952065EF13FA978100149A0D /* glPane.h */,
				952065F013FA978100149A0D /* isoSurface.cpp */,
				952065F113FA978100149A0D /* isoSurface.h */,
				952065F213FA978100149A0D /* K3DTree-mk2.cpp */,
				952065F313FA978100149A0D /* K3DTree-mk2.h */,
				952065F413FA978100149A0D /* K3DTree.cpp */,
				952065F513FA978100149A0D /* K3DTree.h */,
				952065F613FA978100149A0D /* Makefile */,
				952065F713FA978100149A0D /* Makefile.am */,
				952065F813FA978100149A0D /* Makefile.in */,
				952065F913FA978100149A0D /* mathfuncs.cpp */,
				952065FA13FA978100149A0D /* mathfuncs.h */,
				952065FB13FA978100149A0D /* mathglPane.cpp */,
				952065FC13FA978100149A0D /* mathglPane.h */,
				952065FD13FA978100149A0D /* myAppIcon.ico */,
				952065FE13FA978100149A0D /* plot.cpp */,
				952065FF13FA978100149A0D /* plot.h */,
				9520660013FA978100149A0D /* pngread.c */,
				9520660113FA978100149A0D /* pngread.h */,
				9520660213FA978100149A0D /* prefDialog.cpp */,
				9520660313FA978100149A0D /* prefDialog.h */,
				9520660413FA978100149A0D /* rdf.cpp */,
				9520660513FA978100149A0D /* rdf.h */,
				9520660613FA978100149A0D /* resDialog.cpp */,
				9520660713FA978100149A0D /* resDialog.h */,
				9520660813FA978100149A0D /* scene.cpp */,
				9520660913FA978100149A0D /* scene.h */,
				9520660A13FA978100149A0D /* select.cpp */,
				9520660B13FA978100149A0D /* select.h */,
				9520660C13FA978100149A0D /* StashDialog.cpp */,
				9520660D13FA978100149A0D /* StashDialog.h */,
				9520660E13FA978100149A0D /* tex-source */,
				9520661F13FA978100149A0D /* textures */,
				9520662D13FA978100149A0D /* textures.cpp */,
				9520662E13FA978100149A0D /* textures.h */,
				9520662F13FA978100149A0D /* translation.h */,
				9520663013FA978100149A0D /* tree.hh */,
				9520663113FA978100149A0D /* viscontrol.cpp */,
				9520663213FA978100149A0D /* viscontrol.h */,
				9520663313FA978100149A0D /* voxels.h */,
				9520663513FA978100149A0D /* winconsole.h */,
				9520663613FA978100149A0D /* wxcommon.cpp */,
				9520663713FA978100149A0D /* wxcommon.h */,
				9520663813FA978100149A0D /* wxcomponents.cpp */,
				9520663913FA978100149A0D /* wxcomponents.h */,
				9520663A13FA978100149A0D /* xmlHelper.cpp */,
				9520663B13FA978100149A0D /* xmlHelper.h */,
				9520658A13FA968000149A0D /* MainMenu.xib */,
				9520657C13FA968000149A0D /* Supporting Files */,
			);
			path = 3Depict;
			sourceTree = "<group>";
		};
		9520657C13FA968000149A0D /* Supporting Files */ = {
			isa = PBXGroup;
			children = (
				9520657D13FA968000149A0D /* 3Depict-Info.plist */,
				9520657E13FA968000149A0D /* InfoPlist.strings */,
				9520658113FA968000149A0D /* main.m */,
				9520658313FA968000149A0D /* 3Depict-Prefix.pch */,
				9520658413FA968000149A0D /* Credits.rtf */,
			);
			name = "Supporting Files";
			sourceTree = "<group>";
		};
		9520659813FA968000149A0D /* 3DepictTests */ = {
			isa = PBXGroup;
			children = (
				9520659E13FA968000149A0D /* _DepictTests.h */,
				952065A013FA968000149A0D /* _DepictTests.m */,
				9520659913FA968000149A0D /* Supporting Files */,
			);
			path = 3DepictTests;
			sourceTree = "<group>";
		};
		9520659913FA968000149A0D /* Supporting Files */ = {
			isa = PBXGroup;
			children = (
				9520659A13FA968000149A0D /* 3DepictTests-Info.plist */,
				9520659B13FA968000149A0D /* InfoPlist.strings */,
			);
			name = "Supporting Files";
			sourceTree = "<group>";
		};
		952065C913FA978100149A0D /* filters */ = {
			isa = PBXGroup;
			children = (
				952065CA13FA978100149A0D /* allFilter.cpp */,
				952065CB13FA978100149A0D /* allFilter.h */,
				952065CD13FA978100149A0D /* annotation.h */,
				952065CE13FA978100149A0D /* boundingBox.cpp */,
				952065CF13FA978100149A0D /* boundingBox.h */,
				952065D013FA978100149A0D /* clusterAnalysis.cpp */,
				952065D113FA978100149A0D /* clusterAnalysis.h */,
				952065D213FA978100149A0D /* compositionProfile.cpp */,
				952065D313FA978100149A0D /* compositionProfile.h */,
				952065D413FA978100149A0D /* externalProgram.cpp */,
				952065D513FA978100149A0D /* externalProgram.h */,
				952065D613FA978100149A0D /* ionClip.cpp */,
				952065D713FA978100149A0D /* ionClip.h */,
				952065D813FA978100149A0D /* ionColour.cpp */,
				952065D913FA978100149A0D /* ionColour.h */,
				952065DA13FA978100149A0D /* ionDownsample.cpp */,
				952065DB13FA978100149A0D /* ionDownsample.h */,
				952065DC13FA978100149A0D /* ionInfo.cpp */,
				952065DD13FA978100149A0D /* ionInfo.h */,
				952065DE13FA978100149A0D /* posLoad.cpp */,
				952065DF13FA978100149A0D /* posLoad.h */,
				952065E013FA978100149A0D /* rangeFile.cpp */,
				952065E113FA978100149A0D /* rangeFile.h */,
				952065E213FA978100149A0D /* spatialAnalysis.cpp */,
				952065E313FA978100149A0D /* spatialAnalysis.h */,
				952065E413FA978100149A0D /* spectrumPlot.cpp */,
				952065E513FA978100149A0D /* spectrumPlot.h */,
				952065E613FA978100149A0D /* transform.cpp */,
				952065E713FA978100149A0D /* transform.h */,
				952065E813FA978100149A0D /* voxelise.cpp */,
				952065E913FA978100149A0D /* voxelise.h */,
			);
			name = filters;
			path = ../../src/filters;
			sourceTree = "<group>";
		};
		952065EA13FA978100149A0D /* glade-skeleton */ = {
			isa = PBXGroup;
			children = (
				952065EB13FA978100149A0D /* preferencesDialog.wxg */,
				952065EC13FA978100149A0D /* skeleton-part2.wxg */,
				952065ED13FA978100149A0D /* skeleton.wxg */,
			);
			name = "glade-skeleton";
			path = "../../src/glade-skeleton";
			sourceTree = "<group>";
		};
		9520660E13FA978100149A0D /* tex-source */ = {
			isa = PBXGroup;
			children = (
				9520660F13FA978100149A0D /* 3Depict-icon.icns */,
				9520661013FA978100149A0D /* 3Depict-icon.svg */,
				9520661113FA978100149A0D /* enlarge.svg */,
				9520661213FA978100149A0D /* Icons-licence.txt */,
				9520661313FA978100149A0D /* keyboard-alt.svg */,
				9520661413FA978100149A0D /* keyboard-command.svg */,
				9520661513FA978100149A0D /* keyboard-ctrl.svg */,
				9520661613FA978100149A0D /* keyboard-shift.svg */,
				9520661713FA978100149A0D /* keyboard-tab.svg */,
				9520661813FA978100149A0D /* Left-Right-arrow.svg */,
				9520661913FA978100149A0D /* Left_clicked_mouse.svg */,
				9520661A13FA978100149A0D /* middle_clicked_mouse.svg */,
				9520661B13FA978100149A0D /* Right-arrow.svg */,
				9520661C13FA978100149A0D /* Right_clicked_mouse.svg */,
				9520661D13FA978100149A0D /* rotateArrow.svg */,
				9520661E13FA978100149A0D /* scroll_wheel_mouse.svg */,
			);
			name = "tex-source";
			path = "../../src/tex-source";
			sourceTree = "<group>";
		};
		9520661F13FA978100149A0D /* textures */ = {
			isa = PBXGroup;
			children = (
				9520662013FA978100149A0D /* enlarge.png */,
				9520662113FA978100149A0D /* keyboard-alt.png */,
				9520662213FA978100149A0D /* keyboard-command.png */,
				9520662313FA978100149A0D /* keyboard-ctrl.png */,
				9520662413FA978100149A0D /* keyboard-shift.png */,
				9520662513FA978100149A0D /* keyboard-tab.png */,
				9520662613FA978100149A0D /* Left-Right-arrow.png */,
				9520662713FA978100149A0D /* Left_clicked_mouse.png */,
				9520662813FA978100149A0D /* middle_clicked_mouse.png */,
				9520662913FA978100149A0D /* Right-arrow.png */,
				9520662A13FA978100149A0D /* Right_clicked_mouse.png */,
				9520662B13FA978100149A0D /* rotateArrow.png */,
				9520662C13FA978100149A0D /* scroll_wheel_mouse.png */,
			);
			name = textures;
			path = ../../src/textures;
			sourceTree = "<group>";
		};
		95FB7B7013FB7272007CD6A0 /* libs */ = {
			isa = PBXGroup;
			children = (
				95FB7B6E13FB6EA5007CD6A0 /* libpng.dylib */,
				95FB7B6C13FB6E99007CD6A0 /* libqhull.dylib */,
				95FB7B6A13FB6E8D007CD6A0 /* libgsl.dylib */,
				95FB7B6813FB6E85007CD6A0 /* libm.dylib */,
				95FB7B6613FB6E71007CD6A0 /* libiconv.dylib */,
				95FB7B6413FB6E67007CD6A0 /* libpthread.dylib */,
				95FB7B6213FB6E59007CD6A0 /* libxml2.dylib */,
				95FB7B6013FB6E3D007CD6A0 /* libbz2.dylib */,
				95FB7B5E13FB6E2E007CD6A0 /* libz.dylib */,
				95FB7B5C13FB6E1B007CD6A0 /* libfreetype.dylib */,
				95FB7B5A13FB6E00007CD6A0 /* libmgl.dylib */,
				95FB7B5813FB6D98007CD6A0 /* QuickTime.framework */,
				95FB7B5613FB6D8B007CD6A0 /* OpenGL.framework */,
				95FB7B5413FB6D80007CD6A0 /* libSystem.dylib */,
				95FB7B5213FB6D4F007CD6A0 /* AudioToolbox.framework */,
				95FB7B5013FB6D3C007CD6A0 /* Cocoa.framework */,
				95FB7B4E13FB6D2B007CD6A0 /* Carbon.framework */,
				95FB7B4C13FB6D1E007CD6A0 /* IOKit.framework */,
				95FB7B4A13FB65E2007CD6A0 /* libintl.dylib */,
				95FB7B4813FB65B7007CD6A0 /* libftgl.dylib */,
			);
			name = libs;
			sourceTree = "<group>";
		};
/* End PBXGroup section */

/* Begin PBXNativeTarget section */
		9520657013FA968000149A0D /* 3Depict */ = {
			isa = PBXNativeTarget;
			buildConfigurationList = 952065A413FA968000149A0D /* Build configuration list for PBXNativeTarget "3Depict" */;
			buildPhases = (
				95FB7B8013FB7353007CD6A0 /* ShellScript */,
			);
			buildRules = (
			);
			dependencies = (
			);
			name = 3Depict;
			productName = 3Depict;
			productReference = 9520657113FA968000149A0D /* 3Depict.app */;
			productType = "com.apple.product-type.application";
		};
		9520659113FA968000149A0D /* 3DepictTests */ = {
			isa = PBXNativeTarget;
			buildConfigurationList = 952065A713FA968000149A0D /* Build configuration list for PBXNativeTarget "3DepictTests" */;
			buildPhases = (
				9520658D13FA968000149A0D /* Sources */,
				9520658E13FA968000149A0D /* Frameworks */,
				9520658F13FA968000149A0D /* Resources */,
				9520659013FA968000149A0D /* ShellScript */,
			);
			buildRules = (
			);
			dependencies = (
				9520659713FA968000149A0D /* PBXTargetDependency */,
			);
			name = 3DepictTests;
			productName = 3DepictTests;
			productReference = 9520659213FA968000149A0D /* 3DepictTests.octest */;
			productType = "com.apple.product-type.bundle";
		};
/* End PBXNativeTarget section */

/* Begin PBXProject section */
		9520656813FA968000149A0D /* Project object */ = {
			isa = PBXProject;
			attributes = {
				ORGANIZATIONNAME = "Australian Centre for Microscopy & Microanalysis";
			};
			buildConfigurationList = 9520656B13FA968000149A0D /* Build configuration list for PBXProject "3Depict" */;
			compatibilityVersion = "Xcode 3.2";
			developmentRegion = English;
			hasScannedForEncodings = 0;
			knownRegions = (
				en,
			);
			mainGroup = 9520656613FA968000149A0D;
			productRefGroup = 9520657213FA968000149A0D /* Products */;
			projectDirPath = "";
			projectRoot = "";
			targets = (
				9520657013FA968000149A0D /* 3Depict */,
				9520659113FA968000149A0D /* 3DepictTests */,
			);
		};
/* End PBXProject section */

/* Begin PBXResourcesBuildPhase section */
		9520658F13FA968000149A0D /* Resources */ = {
			isa = PBXResourcesBuildPhase;
			buildActionMask = 2147483647;
			files = (
				9520659D13FA968000149A0D /* InfoPlist.strings in Resources */,
				9520659F13FA968000149A0D /* _DepictTests.h in Resources */,
			);
			runOnlyForDeploymentPostprocessing = 0;
		};
/* End PBXResourcesBuildPhase section */

/* Begin PBXShellScriptBuildPhase section */
		9520659013FA968000149A0D /* ShellScript */ = {
			isa = PBXShellScriptBuildPhase;
			buildActionMask = 2147483647;
			files = (
			);
			inputPaths = (
			);
			outputPaths = (
			);
			runOnlyForDeploymentPostprocessing = 0;
			shellPath = /bin/sh;
			shellScript = "# Run the unit tests in this test bundle.\n\"${SYSTEM_DEVELOPER_DIR}/Tools/RunUnitTests\"\n";
		};
		95FB7B8013FB7353007CD6A0 /* ShellScript */ = {
			isa = PBXShellScriptBuildPhase;
			buildActionMask = 2147483647;
			files = (
			);
			inputPaths = (
			);
			outputPaths = (
			);
			runOnlyForDeploymentPostprocessing = 0;
			shellPath = /bin/sh;
			shellScript = "cd ..\nmake clean\n./makeMacOSXApp --update-config=no";
		};
/* End PBXShellScriptBuildPhase section */

/* Begin PBXSourcesBuildPhase section */
		9520658D13FA968000149A0D /* Sources */ = {
			isa = PBXSourcesBuildPhase;
			buildActionMask = 2147483647;
			files = (
				952065A113FA968000149A0D /* _DepictTests.m in Sources */,
			);
			runOnlyForDeploymentPostprocessing = 0;
		};
/* End PBXSourcesBuildPhase section */

/* Begin PBXTargetDependency section */
		9520659713FA968000149A0D /* PBXTargetDependency */ = {
			isa = PBXTargetDependency;
			target = 9520657013FA968000149A0D /* 3Depict */;
			targetProxy = 9520659613FA968000149A0D /* PBXContainerItemProxy */;
		};
/* End PBXTargetDependency section */

/* Begin PBXVariantGroup section */
		9520657E13FA968000149A0D /* InfoPlist.strings */ = {
			isa = PBXVariantGroup;
			children = (
				9520657F13FA968000149A0D /* en */,
			);
			name = InfoPlist.strings;
			sourceTree = "<group>";
		};
		9520658413FA968000149A0D /* Credits.rtf */ = {
			isa = PBXVariantGroup;
			children = (
				9520658513FA968000149A0D /* en */,
			);
			name = Credits.rtf;
			sourceTree = "<group>";
		};
		9520658A13FA968000149A0D /* MainMenu.xib */ = {
			isa = PBXVariantGroup;
			children = (
				9520658B13FA968000149A0D /* en */,
			);
			name = MainMenu.xib;
			sourceTree = "<group>";
		};
		9520659B13FA968000149A0D /* InfoPlist.strings */ = {
			isa = PBXVariantGroup;
			children = (
				9520659C13FA968000149A0D /* en */,
			);
			name = InfoPlist.strings;
			sourceTree = "<group>";
		};
/* End PBXVariantGroup section */

/* Begin XCBuildConfiguration section */
		952065A213FA968000149A0D /* Debug */ = {
			isa = XCBuildConfiguration;
			buildSettings = {
				ALWAYS_SEARCH_USER_PATHS = NO;
				ARCHS = "$(ARCHS_STANDARD_64_BIT)";
				COPY_PHASE_STRIP = NO;
				GCC_C_LANGUAGE_STANDARD = gnu99;
				GCC_DYNAMIC_NO_PIC = NO;
				GCC_ENABLE_OBJC_EXCEPTIONS = YES;
				GCC_OPTIMIZATION_LEVEL = 0;
				GCC_PREPROCESSOR_DEFINITIONS = (
					"DEBUG=1",
					"$(inherited)",
				);
				GCC_SYMBOLS_PRIVATE_EXTERN = NO;
				GCC_VERSION = com.apple.compilers.llvm.clang.1_0;
				GCC_WARN_64_TO_32_BIT_CONVERSION = YES;
				GCC_WARN_ABOUT_MISSING_PROTOTYPES = YES;
				GCC_WARN_ABOUT_RETURN_TYPE = YES;
				GCC_WARN_UNUSED_VARIABLE = YES;
				MACOSX_DEPLOYMENT_TARGET = 10.7;
				ONLY_ACTIVE_ARCH = YES;
				SDKROOT = macosx;
			};
			name = Debug;
		};
		952065A313FA968000149A0D /* Release */ = {
			isa = XCBuildConfiguration;
			buildSettings = {
				ALWAYS_SEARCH_USER_PATHS = NO;
				ARCHS = "$(ARCHS_STANDARD_64_BIT)";
				COPY_PHASE_STRIP = YES;
				DEBUG_INFORMATION_FORMAT = "dwarf-with-dsym";
				GCC_C_LANGUAGE_STANDARD = gnu99;
				GCC_ENABLE_OBJC_EXCEPTIONS = YES;
				GCC_VERSION = com.apple.compilers.llvm.clang.1_0;
				GCC_WARN_64_TO_32_BIT_CONVERSION = YES;
				GCC_WARN_ABOUT_MISSING_PROTOTYPES = YES;
				GCC_WARN_ABOUT_RETURN_TYPE = YES;
				GCC_WARN_UNUSED_VARIABLE = YES;
				MACOSX_DEPLOYMENT_TARGET = 10.7;
				SDKROOT = macosx;
			};
			name = Release;
		};
		952065A513FA968000149A0D /* Debug */ = {
			isa = XCBuildConfiguration;
			buildSettings = {
				ENABLE_OPENMP_SUPPORT = YES;
				GCC_INLINES_ARE_PRIVATE_EXTERN = NO;
				GCC_PRECOMPILE_PREFIX_HEADER = YES;
				GCC_PREFIX_HEADER = "3Depict/3Depict-Prefix.pch";
				GCC_SYMBOLS_PRIVATE_EXTERN = NO;
				GCC_VERSION = "";
				GCC_WARN_64_TO_32_BIT_CONVERSION = NO;
				GCC_WARN_ABOUT_MISSING_PROTOTYPES = NO;
				GCC_WARN_ABOUT_RETURN_TYPE = NO;
				GCC_WARN_UNUSED_VALUE = NO;
				GCC_WARN_UNUSED_VARIABLE = NO;
				HEADER_SEARCH_PATHS = "";
				INFOPLIST_FILE = "3Depict/3Depict-Info.plist";
				LIBRARY_SEARCH_PATHS = "";
				OTHER_CFLAGS = (
					"-I/opt/local/include",
					"-I/opt/local/include/libpng14",
					"-I/opt/local/include/freetype2",
					"-I/opt/local/include/libxml2",
					"-I/opt/local/lib/wx/include/osx_cocoa-unicode-2.9",
					"-I/opt/local/include/wx-2.9",
					"-D_FILE_OFFSET_BITS=64",
					"-DWXUSINGDLL",
					"-D__WXMAC__",
					"-D__WXOSX__",
					"-D__WXOSX_COCOA__",
				);
				OTHER_LDFLAGS = (
					"-L/opt/local/lib",
					"-lwx_osx_cocoau_gl-2.9",
					"-lwx_osx_cocoau-2.9",
				);
				PRODUCT_NAME = "$(TARGET_NAME)";
				USER_HEADER_SEARCH_PATHS = "";
				WRAPPER_EXTENSION = app;
			};
			name = Debug;
		};
		952065A613FA968000149A0D /* Release */ = {
			isa = XCBuildConfiguration;
			buildSettings = {
				ENABLE_OPENMP_SUPPORT = YES;
				GCC_INLINES_ARE_PRIVATE_EXTERN = NO;
				GCC_PRECOMPILE_PREFIX_HEADER = YES;
				GCC_PREFIX_HEADER = "3Depict/3Depict-Prefix.pch";
				GCC_SYMBOLS_PRIVATE_EXTERN = NO;
				GCC_VERSION = "";
				GCC_WARN_64_TO_32_BIT_CONVERSION = NO;
				GCC_WARN_ABOUT_MISSING_PROTOTYPES = NO;
				GCC_WARN_ABOUT_RETURN_TYPE = NO;
				GCC_WARN_UNUSED_VALUE = NO;
				GCC_WARN_UNUSED_VARIABLE = NO;
				HEADER_SEARCH_PATHS = "";
				INFOPLIST_FILE = "3Depict/3Depict-Info.plist";
				LIBRARY_SEARCH_PATHS = "";
				OTHER_CFLAGS = (
					"-I/opt/local/include",
					"-I/opt/local/include/libpng14",
					"-I/opt/local/include/freetype2",
					"-I/opt/local/include/libxml2",
					"-I/opt/local/lib/wx/include/osx_cocoa-unicode-2.9",
					"-I/opt/local/include/wx-2.9",
					"-D_FILE_OFFSET_BITS=64",
					"-DWXUSINGDLL",
					"-D__WXMAC__",
					"-D__WXOSX__",
					"-D__WXOSX_COCOA__",
				);
				OTHER_LDFLAGS = (
					"-L/opt/local/lib",
					"-lwx_osx_cocoau_gl-2.9",
					"-lwx_osx_cocoau-2.9",
				);
				PRODUCT_NAME = "$(TARGET_NAME)";
				USER_HEADER_SEARCH_PATHS = "";
				WRAPPER_EXTENSION = app;
			};
			name = Release;
		};
		952065A813FA968000149A0D /* Debug */ = {
			isa = XCBuildConfiguration;
			buildSettings = {
				BUNDLE_LOADER = "$(BUILT_PRODUCTS_DIR)/3Depict.app/Contents/MacOS/3Depict";
				FRAMEWORK_SEARCH_PATHS = "$(DEVELOPER_LIBRARY_DIR)/Frameworks";
				GCC_PRECOMPILE_PREFIX_HEADER = YES;
				GCC_PREFIX_HEADER = "3Depict/3Depict-Prefix.pch";
				INFOPLIST_FILE = "3DepictTests/3DepictTests-Info.plist";
				PRODUCT_NAME = "$(TARGET_NAME)";
				TEST_HOST = "$(BUNDLE_LOADER)";
				WRAPPER_EXTENSION = octest;
			};
			name = Debug;
		};
		952065A913FA968000149A0D /* Release */ = {
			isa = XCBuildConfiguration;
			buildSettings = {
				BUNDLE_LOADER = "$(BUILT_PRODUCTS_DIR)/3Depict.app/Contents/MacOS/3Depict";
				FRAMEWORK_SEARCH_PATHS = "$(DEVELOPER_LIBRARY_DIR)/Frameworks";
				GCC_PRECOMPILE_PREFIX_HEADER = YES;
				GCC_PREFIX_HEADER = "3Depict/3Depict-Prefix.pch";
				INFOPLIST_FILE = "3DepictTests/3DepictTests-Info.plist";
				PRODUCT_NAME = "$(TARGET_NAME)";
				TEST_HOST = "$(BUNDLE_LOADER)";
				WRAPPER_EXTENSION = octest;
			};
			name = Release;
		};
/* End XCBuildConfiguration section */

/* Begin XCConfigurationList section */
		9520656B13FA968000149A0D /* Build configuration list for PBXProject "3Depict" */ = {
			isa = XCConfigurationList;
			buildConfigurations = (
				952065A213FA968000149A0D /* Debug */,
				952065A313FA968000149A0D /* Release */,
			);
			defaultConfigurationIsVisible = 0;
			defaultConfigurationName = Release;
		};
		952065A413FA968000149A0D /* Build configuration list for PBXNativeTarget "3Depict" */ = {
			isa = XCConfigurationList;
			buildConfigurations = (
				952065A513FA968000149A0D /* Debug */,
				952065A613FA968000149A0D /* Release */,
			);
			defaultConfigurationIsVisible = 0;
			defaultConfigurationName = Release;
		};
		952065A713FA968000149A0D /* Build configuration list for PBXNativeTarget "3DepictTests" */ = {
			isa = XCConfigurationList;
			buildConfigurations = (
				952065A813FA968000149A0D /* Debug */,
				952065A913FA968000149A0D /* Release */,
			);
			defaultConfigurationIsVisible = 0;
			defaultConfigurationName = Release;
		};
/* End XCConfigurationList section */
	};
	rootObject = 9520656813FA968000149A0D /* Project object */;
}
